// !$*UTF8*$!
{
	archiveVersion = 1;
	classes = {
	};
	objectVersion = 46;
	objects = {

/* Begin PBXBuildFile section */
		6E34BA3F1A11783F002CE9B4 /* ObjectDimensionsCalculator.m in Sources */ = {isa = PBXBuildFile; fileRef = 6E34BA3E1A11783F002CE9B4 /* ObjectDimensionsCalculator.m */; };
		6E53F6411A0453B600D4E463 /* main.m in Sources */ = {isa = PBXBuildFile; fileRef = 6E53F6401A0453B600D4E463 /* main.m */; };
		6E53F6441A0453B600D4E463 /* AppDelegate.m in Sources */ = {isa = PBXBuildFile; fileRef = 6E53F6431A0453B600D4E463 /* AppDelegate.m */; };
		6E53F6471A0453B600D4E463 /* ViewController.m in Sources */ = {isa = PBXBuildFile; fileRef = 6E53F6461A0453B600D4E463 /* ViewController.m */; };
		6E53F64A1A0453B600D4E463 /* Main.storyboard in Resources */ = {isa = PBXBuildFile; fileRef = 6E53F6481A0453B600D4E463 /* Main.storyboard */; };
		6E53F64C1A0453B600D4E463 /* Images.xcassets in Resources */ = {isa = PBXBuildFile; fileRef = 6E53F64B1A0453B600D4E463 /* Images.xcassets */; };
		6E53F64F1A0453B600D4E463 /* LaunchScreen.xib in Resources */ = {isa = PBXBuildFile; fileRef = 6E53F64D1A0453B600D4E463 /* LaunchScreen.xib */; };
		6E53F65B1A0453B600D4E463 /* FURB_MeterTests.m in Sources */ = {isa = PBXBuildFile; fileRef = 6E53F65A1A0453B600D4E463 /* FURB_MeterTests.m */; };
		6EC911411A1AB53E000ADC4B /* MathUtil.m in Sources */ = {isa = PBXBuildFile; fileRef = 6EC911401A1AB53E000ADC4B /* MathUtil.m */; };
		6EE5EE721A08398300257CC9 /* CoreMotion.framework in Frameworks */ = {isa = PBXBuildFile; fileRef = 6EE5EE711A08398300257CC9 /* CoreMotion.framework */; };
		6EE5EE741A083BFD00257CC9 /* MobileCoreServices.framework in Frameworks */ = {isa = PBXBuildFile; fileRef = 6EE5EE731A083BFD00257CC9 /* MobileCoreServices.framework */; };
		6EE5EE7C1A08413100257CC9 /* CameraBuilder.m in Sources */ = {isa = PBXBuildFile; fileRef = 6EE5EE7B1A08413100257CC9 /* CameraBuilder.m */; };
		6EE5EE7F1A084ADA00257CC9 /* LabelLineBuilder.m in Sources */ = {isa = PBXBuildFile; fileRef = 6EE5EE7E1A084ADA00257CC9 /* LabelLineBuilder.m */; };
		6EF0481C1A0D8B1400F65FD7 /* GyroscopeData.m in Sources */ = {isa = PBXBuildFile; fileRef = 6EF0481B1A0D8B1400F65FD7 /* GyroscopeData.m */; };
/* End PBXBuildFile section */

/* Begin PBXContainerItemProxy section */
		6E53F6551A0453B600D4E463 /* PBXContainerItemProxy */ = {
			isa = PBXContainerItemProxy;
			containerPortal = 6E53F6331A0453B500D4E463 /* Project object */;
			proxyType = 1;
			remoteGlobalIDString = 6E53F63A1A0453B600D4E463;
			remoteInfo = FURB_Meter;
		};
/* End PBXContainerItemProxy section */

/* Begin PBXFileReference section */
		6E34BA3D1A11783F002CE9B4 /* ObjectDimensionsCalculator.h */ = {isa = PBXFileReference; fileEncoding = 4; lastKnownFileType = sourcecode.c.h; name = ObjectDimensionsCalculator.h; path = Classes/ObjectDimensionsCalculator.h; sourceTree = "<group>"; };
		6E34BA3E1A11783F002CE9B4 /* ObjectDimensionsCalculator.m */ = {isa = PBXFileReference; fileEncoding = 4; lastKnownFileType = sourcecode.c.objc; name = ObjectDimensionsCalculator.m; path = Classes/ObjectDimensionsCalculator.m; sourceTree = "<group>"; };
		6E53F63B1A0453B600D4E463 /* FURB_Meter.app */ = {isa = PBXFileReference; explicitFileType = wrapper.application; includeInIndex = 0; path = FURB_Meter.app; sourceTree = BUILT_PRODUCTS_DIR; };
		6E53F63F1A0453B600D4E463 /* Info.plist */ = {isa = PBXFileReference; lastKnownFileType = text.plist.xml; path = Info.plist; sourceTree = "<group>"; };
		6E53F6401A0453B600D4E463 /* main.m */ = {isa = PBXFileReference; lastKnownFileType = sourcecode.c.objc; path = main.m; sourceTree = "<group>"; };
		6E53F6421A0453B600D4E463 /* AppDelegate.h */ = {isa = PBXFileReference; lastKnownFileType = sourcecode.c.h; path = AppDelegate.h; sourceTree = "<group>"; };
		6E53F6431A0453B600D4E463 /* AppDelegate.m */ = {isa = PBXFileReference; lastKnownFileType = sourcecode.c.objc; path = AppDelegate.m; sourceTree = "<group>"; };
		6E53F6451A0453B600D4E463 /* ViewController.h */ = {isa = PBXFileReference; lastKnownFileType = sourcecode.c.h; path = ViewController.h; sourceTree = "<group>"; };
		6E53F6461A0453B600D4E463 /* ViewController.m */ = {isa = PBXFileReference; lastKnownFileType = sourcecode.c.objc; path = ViewController.m; sourceTree = "<group>"; };
		6E53F6491A0453B600D4E463 /* Base */ = {isa = PBXFileReference; lastKnownFileType = file.storyboard; name = Base; path = Base.lproj/Main.storyboard; sourceTree = "<group>"; };
		6E53F64B1A0453B600D4E463 /* Images.xcassets */ = {isa = PBXFileReference; lastKnownFileType = folder.assetcatalog; path = Images.xcassets; sourceTree = "<group>"; };
		6E53F64E1A0453B600D4E463 /* Base */ = {isa = PBXFileReference; lastKnownFileType = file.xib; name = Base; path = Base.lproj/LaunchScreen.xib; sourceTree = "<group>"; };
		6E53F6541A0453B600D4E463 /* FURB_MeterTests.xctest */ = {isa = PBXFileReference; explicitFileType = wrapper.cfbundle; includeInIndex = 0; path = FURB_MeterTests.xctest; sourceTree = BUILT_PRODUCTS_DIR; };
		6E53F6591A0453B600D4E463 /* Info.plist */ = {isa = PBXFileReference; lastKnownFileType = text.plist.xml; path = Info.plist; sourceTree = "<group>"; };
		6E53F65A1A0453B600D4E463 /* FURB_MeterTests.m */ = {isa = PBXFileReference; lastKnownFileType = sourcecode.c.objc; path = FURB_MeterTests.m; sourceTree = "<group>"; };
		6EC9113F1A1AB53E000ADC4B /* MathUtil.h */ = {isa = PBXFileReference; fileEncoding = 4; lastKnownFileType = sourcecode.c.h; name = MathUtil.h; path = Classes/MathUtil.h; sourceTree = "<group>"; };
		6EC911401A1AB53E000ADC4B /* MathUtil.m */ = {isa = PBXFileReference; fileEncoding = 4; lastKnownFileType = sourcecode.c.objc; name = MathUtil.m; path = Classes/MathUtil.m; sourceTree = "<group>"; };
		6EE5EE711A08398300257CC9 /* CoreMotion.framework */ = {isa = PBXFileReference; lastKnownFileType = wrapper.framework; name = CoreMotion.framework; path = System/Library/Frameworks/CoreMotion.framework; sourceTree = SDKROOT; };
		6EE5EE731A083BFD00257CC9 /* MobileCoreServices.framework */ = {isa = PBXFileReference; lastKnownFileType = wrapper.framework; name = MobileCoreServices.framework; path = System/Library/Frameworks/MobileCoreServices.framework; sourceTree = SDKROOT; };
		6EE5EE7A1A08413100257CC9 /* CameraBuilder.h */ = {isa = PBXFileReference; fileEncoding = 4; lastKnownFileType = sourcecode.c.h; name = CameraBuilder.h; path = Classes/CameraBuilder.h; sourceTree = "<group>"; };
		6EE5EE7B1A08413100257CC9 /* CameraBuilder.m */ = {isa = PBXFileReference; fileEncoding = 4; lastKnownFileType = sourcecode.c.objc; name = CameraBuilder.m; path = Classes/CameraBuilder.m; sourceTree = "<group>"; };
		6EE5EE7D1A084ADA00257CC9 /* LabelLineBuilder.h */ = {isa = PBXFileReference; fileEncoding = 4; lastKnownFileType = sourcecode.c.h; name = LabelLineBuilder.h; path = Classes/LabelLineBuilder.h; sourceTree = "<group>"; };
		6EE5EE7E1A084ADA00257CC9 /* LabelLineBuilder.m */ = {isa = PBXFileReference; fileEncoding = 4; lastKnownFileType = sourcecode.c.objc; name = LabelLineBuilder.m; path = Classes/LabelLineBuilder.m; sourceTree = "<group>"; };
		6EF0481A1A0D8B1400F65FD7 /* GyroscopeData.h */ = {isa = PBXFileReference; fileEncoding = 4; lastKnownFileType = sourcecode.c.h; name = GyroscopeData.h; path = Classes/GyroscopeData.h; sourceTree = "<group>"; };
		6EF0481B1A0D8B1400F65FD7 /* GyroscopeData.m */ = {isa = PBXFileReference; fileEncoding = 4; lastKnownFileType = sourcecode.c.objc; name = GyroscopeData.m; path = Classes/GyroscopeData.m; sourceTree = "<group>"; };
/* End PBXFileReference section */

/* Begin PBXFrameworksBuildPhase section */
		6E53F6381A0453B600D4E463 /* Frameworks */ = {
			isa = PBXFrameworksBuildPhase;
			buildActionMask = 2147483647;
			files = (
				6EE5EE741A083BFD00257CC9 /* MobileCoreServices.framework in Frameworks */,
				6EE5EE721A08398300257CC9 /* CoreMotion.framework in Frameworks */,
			);
			runOnlyForDeploymentPostprocessing = 0;
		};
		6E53F6511A0453B600D4E463 /* Frameworks */ = {
			isa = PBXFrameworksBuildPhase;
			buildActionMask = 2147483647;
			files = (
			);
			runOnlyForDeploymentPostprocessing = 0;
		};
/* End PBXFrameworksBuildPhase section */

/* Begin PBXGroup section */
		6E53F6321A0453B500D4E463 = {
			isa = PBXGroup;
			children = (
				6EE5EE731A083BFD00257CC9 /* MobileCoreServices.framework */,
				6EE5EE711A08398300257CC9 /* CoreMotion.framework */,
				6E53F63D1A0453B600D4E463 /* FURB_Meter */,
				6E53F6571A0453B600D4E463 /* FURB_MeterTests */,
				6E53F63C1A0453B600D4E463 /* Products */,
			);
			sourceTree = "<group>";
		};
		6E53F63C1A0453B600D4E463 /* Products */ = {
			isa = PBXGroup;
			children = (
				6E53F63B1A0453B600D4E463 /* FURB_Meter.app */,
				6E53F6541A0453B600D4E463 /* FURB_MeterTests.xctest */,
			);
			name = Products;
			sourceTree = "<group>";
		};
		6E53F63D1A0453B600D4E463 /* FURB_Meter */ = {
			isa = PBXGroup;
			children = (
				6E53F6421A0453B600D4E463 /* AppDelegate.h */,
				6E53F6431A0453B600D4E463 /* AppDelegate.m */,
				6E53F6451A0453B600D4E463 /* ViewController.h */,
				6E53F6461A0453B600D4E463 /* ViewController.m */,
				6E53F6481A0453B600D4E463 /* Main.storyboard */,
				6E53F64B1A0453B600D4E463 /* Images.xcassets */,
				6E53F64D1A0453B600D4E463 /* LaunchScreen.xib */,
				6E53F63E1A0453B600D4E463 /* Supporting Files */,
				6EE5EE7A1A08413100257CC9 /* CameraBuilder.h */,
				6EE5EE7B1A08413100257CC9 /* CameraBuilder.m */,
				6EE5EE7D1A084ADA00257CC9 /* LabelLineBuilder.h */,
				6EE5EE7E1A084ADA00257CC9 /* LabelLineBuilder.m */,
				6EF0481A1A0D8B1400F65FD7 /* GyroscopeData.h */,
				6EF0481B1A0D8B1400F65FD7 /* GyroscopeData.m */,
				6E34BA3D1A11783F002CE9B4 /* ObjectDimensionsCalculator.h */,
				6E34BA3E1A11783F002CE9B4 /* ObjectDimensionsCalculator.m */,
				6EC9113F1A1AB53E000ADC4B /* MathUtil.h */,
				6EC911401A1AB53E000ADC4B /* MathUtil.m */,
			);
			path = FURB_Meter;
			sourceTree = "<group>";
		};
		6E53F63E1A0453B600D4E463 /* Supporting Files */ = {
			isa = PBXGroup;
			children = (
				6E53F63F1A0453B600D4E463 /* Info.plist */,
				6E53F6401A0453B600D4E463 /* main.m */,
			);
			name = "Supporting Files";
			sourceTree = "<group>";
		};
		6E53F6571A0453B600D4E463 /* FURB_MeterTests */ = {
			isa = PBXGroup;
			children = (
				6E53F65A1A0453B600D4E463 /* FURB_MeterTests.m */,
				6E53F6581A0453B600D4E463 /* Supporting Files */,
			);
			path = FURB_MeterTests;
			sourceTree = "<group>";
		};
		6E53F6581A0453B600D4E463 /* Supporting Files */ = {
			isa = PBXGroup;
			children = (
				6E53F6591A0453B600D4E463 /* Info.plist */,
			);
			name = "Supporting Files";
			sourceTree = "<group>";
		};
/* End PBXGroup section */

/* Begin PBXNativeTarget section */
		6E53F63A1A0453B600D4E463 /* FURB_Meter */ = {
			isa = PBXNativeTarget;
			buildConfigurationList = 6E53F65E1A0453B600D4E463 /* Build configuration list for PBXNativeTarget "FURB_Meter" */;
			buildPhases = (
				6E53F6371A0453B600D4E463 /* Sources */,
				6E53F6381A0453B600D4E463 /* Frameworks */,
				6E53F6391A0453B600D4E463 /* Resources */,
			);
			buildRules = (
			);
			dependencies = (
			);
			name = FURB_Meter;
			productName = FURB_Meter;
			productReference = 6E53F63B1A0453B600D4E463 /* FURB_Meter.app */;
			productType = "com.apple.product-type.application";
		};
		6E53F6531A0453B600D4E463 /* FURB_MeterTests */ = {
			isa = PBXNativeTarget;
			buildConfigurationList = 6E53F6611A0453B600D4E463 /* Build configuration list for PBXNativeTarget "FURB_MeterTests" */;
			buildPhases = (
				6E53F6501A0453B600D4E463 /* Sources */,
				6E53F6511A0453B600D4E463 /* Frameworks */,
				6E53F6521A0453B600D4E463 /* Resources */,
			);
			buildRules = (
			);
			dependencies = (
				6E53F6561A0453B600D4E463 /* PBXTargetDependency */,
			);
			name = FURB_MeterTests;
			productName = FURB_MeterTests;
			productReference = 6E53F6541A0453B600D4E463 /* FURB_MeterTests.xctest */;
			productType = "com.apple.product-type.bundle.unit-test";
		};
/* End PBXNativeTarget section */

/* Begin PBXProject section */
		6E53F6331A0453B500D4E463 /* Project object */ = {
			isa = PBXProject;
			attributes = {
				LastUpgradeCheck = 0610;
				ORGANIZATIONNAME = "Laboratorio de Computacao Grafica e Entretenimento Digital";
				TargetAttributes = {
					6E53F63A1A0453B600D4E463 = {
						CreatedOnToolsVersion = 6.1;
					};
					6E53F6531A0453B600D4E463 = {
						CreatedOnToolsVersion = 6.1;
						TestTargetID = 6E53F63A1A0453B600D4E463;
					};
				};
			};
			buildConfigurationList = 6E53F6361A0453B500D4E463 /* Build configuration list for PBXProject "FURB_Meter" */;
			compatibilityVersion = "Xcode 3.2";
			developmentRegion = English;
			hasScannedForEncodings = 0;
			knownRegions = (
				en,
				Base,
			);
			mainGroup = 6E53F6321A0453B500D4E463;
			productRefGroup = 6E53F63C1A0453B600D4E463 /* Products */;
			projectDirPath = "";
			projectRoot = "";
			targets = (
				6E53F63A1A0453B600D4E463 /* FURB_Meter */,
				6E53F6531A0453B600D4E463 /* FURB_MeterTests */,
			);
		};
/* End PBXProject section */

/* Begin PBXResourcesBuildPhase section */
		6E53F6391A0453B600D4E463 /* Resources */ = {
			isa = PBXResourcesBuildPhase;
			buildActionMask = 2147483647;
			files = (
				6E53F64A1A0453B600D4E463 /* Main.storyboard in Resources */,
				6E53F64F1A0453B600D4E463 /* LaunchScreen.xib in Resources */,
				6E53F64C1A0453B600D4E463 /* Images.xcassets in Resources */,
			);
			runOnlyForDeploymentPostprocessing = 0;
		};
		6E53F6521A0453B600D4E463 /* Resources */ = {
			isa = PBXResourcesBuildPhase;
			buildActionMask = 2147483647;
			files = (
			);
			runOnlyForDeploymentPostprocessing = 0;
		};
/* End PBXResourcesBuildPhase section */

/* Begin PBXSourcesBuildPhase section */
		6E53F6371A0453B600D4E463 /* Sources */ = {
			isa = PBXSourcesBuildPhase;
			buildActionMask = 2147483647;
			files = (
				6E53F6471A0453B600D4E463 /* ViewController.m in Sources */,
				6EE5EE7F1A084ADA00257CC9 /* LabelLineBuilder.m in Sources */,
				6E53F6441A0453B600D4E463 /* AppDelegate.m in Sources */,
				6EF0481C1A0D8B1400F65FD7 /* GyroscopeData.m in Sources */,
				6EE5EE7C1A08413100257CC9 /* CameraBuilder.m in Sources */,
				6EC911411A1AB53E000ADC4B /* MathUtil.m in Sources */,
				6E53F6411A0453B600D4E463 /* main.m in Sources */,
				6E34BA3F1A11783F002CE9B4 /* ObjectDimensionsCalculator.m in Sources */,
			);
			runOnlyForDeploymentPostprocessing = 0;
		};
		6E53F6501A0453B600D4E463 /* Sources */ = {
			isa = PBXSourcesBuildPhase;
			buildActionMask = 2147483647;
			files = (
				6E53F65B1A0453B600D4E463 /* FURB_MeterTests.m in Sources */,
			);
			runOnlyForDeploymentPostprocessing = 0;
		};
/* End PBXSourcesBuildPhase section */

/* Begin PBXTargetDependency section */
		6E53F6561A0453B600D4E463 /* PBXTargetDependency */ = {
			isa = PBXTargetDependency;
			target = 6E53F63A1A0453B600D4E463 /* FURB_Meter */;
			targetProxy = 6E53F6551A0453B600D4E463 /* PBXContainerItemProxy */;
		};
/* End PBXTargetDependency section */

/* Begin PBXVariantGroup section */
		6E53F6481A0453B600D4E463 /* Main.storyboard */ = {
			isa = PBXVariantGroup;
			children = (
				6E53F6491A0453B600D4E463 /* Base */,
			);
			name = Main.storyboard;
			sourceTree = "<group>";
		};
		6E53F64D1A0453B600D4E463 /* LaunchScreen.xib */ = {
			isa = PBXVariantGroup;
			children = (
				6E53F64E1A0453B600D4E463 /* Base */,
			);
			name = LaunchScreen.xib;
			sourceTree = "<group>";
		};
/* End PBXVariantGroup section */

/* Begin XCBuildConfiguration section */
		6E53F65C1A0453B600D4E463 /* Debug */ = {
			isa = XCBuildConfiguration;
			buildSettings = {
				ALWAYS_SEARCH_USER_PATHS = NO;
				CLANG_CXX_LANGUAGE_STANDARD = "gnu++0x";
				CLANG_CXX_LIBRARY = "libc++";
				CLANG_ENABLE_MODULES = YES;
				CLANG_ENABLE_OBJC_ARC = YES;
				CLANG_WARN_BOOL_CONVERSION = YES;
				CLANG_WARN_CONSTANT_CONVERSION = YES;
				CLANG_WARN_DIRECT_OBJC_ISA_USAGE = YES_ERROR;
				CLANG_WARN_EMPTY_BODY = YES;
				CLANG_WARN_ENUM_CONVERSION = YES;
				CLANG_WARN_INT_CONVERSION = YES;
				CLANG_WARN_OBJC_ROOT_CLASS = YES_ERROR;
				CLANG_WARN_UNREACHABLE_CODE = YES;
				CLANG_WARN__DUPLICATE_METHOD_MATCH = YES;
				"CODE_SIGN_IDENTITY[sdk=iphoneos*]" = "iPhone Developer";
				COPY_PHASE_STRIP = NO;
				ENABLE_STRICT_OBJC_MSGSEND = YES;
				GCC_C_LANGUAGE_STANDARD = gnu99;
				GCC_DYNAMIC_NO_PIC = NO;
				GCC_OPTIMIZATION_LEVEL = 0;
				GCC_PREPROCESSOR_DEFINITIONS = (
					"DEBUG=1",
					"$(inherited)",
				);
				GCC_SYMBOLS_PRIVATE_EXTERN = NO;
				GCC_WARN_64_TO_32_BIT_CONVERSION = YES;
				GCC_WARN_ABOUT_RETURN_TYPE = YES_ERROR;
				GCC_WARN_UNDECLARED_SELECTOR = YES;
				GCC_WARN_UNINITIALIZED_AUTOS = YES_AGGRESSIVE;
				GCC_WARN_UNUSED_FUNCTION = YES;
				GCC_WARN_UNUSED_VARIABLE = YES;
				IPHONEOS_DEPLOYMENT_TARGET = 8.1;
				MTL_ENABLE_DEBUG_INFO = YES;
				ONLY_ACTIVE_ARCH = YES;
				SDKROOT = iphoneos;
				TARGETED_DEVICE_FAMILY = 2;
			};
			name = Debug;
		};
		6E53F65D1A0453B600D4E463 /* Release */ = {
			isa = XCBuildConfiguration;
			buildSettings = {
				ALWAYS_SEARCH_USER_PATHS = NO;
				CLANG_CXX_LANGUAGE_STANDARD = "gnu++0x";
				CLANG_CXX_LIBRARY = "libc++";
				CLANG_ENABLE_MODULES = YES;
				CLANG_ENABLE_OBJC_ARC = YES;
				CLANG_WARN_BOOL_CONVERSION = YES;
				CLANG_WARN_CONSTANT_CONVERSION = YES;
				CLANG_WARN_DIRECT_OBJC_ISA_USAGE = YES_ERROR;
				CLANG_WARN_EMPTY_BODY = YES;
				CLANG_WARN_ENUM_CONVERSION = YES;
				CLANG_WARN_INT_CONVERSION = YES;
				CLANG_WARN_OBJC_ROOT_CLASS = YES_ERROR;
				CLANG_WARN_UNREACHABLE_CODE = YES;
				CLANG_WARN__DUPLICATE_METHOD_MATCH = YES;
				"CODE_SIGN_IDENTITY[sdk=iphoneos*]" = "iPhone Developer";
				COPY_PHASE_STRIP = YES;
				ENABLE_NS_ASSERTIONS = NO;
				ENABLE_STRICT_OBJC_MSGSEND = YES;
				GCC_C_LANGUAGE_STANDARD = gnu99;
				GCC_WARN_64_TO_32_BIT_CONVERSION = YES;
				GCC_WARN_ABOUT_RETURN_TYPE = YES_ERROR;
				GCC_WARN_UNDECLARED_SELECTOR = YES;
				GCC_WARN_UNINITIALIZED_AUTOS = YES_AGGRESSIVE;
				GCC_WARN_UNUSED_FUNCTION = YES;
				GCC_WARN_UNUSED_VARIABLE = YES;
				IPHONEOS_DEPLOYMENT_TARGET = 8.1;
				MTL_ENABLE_DEBUG_INFO = NO;
				SDKROOT = iphoneos;
				TARGETED_DEVICE_FAMILY = 2;
				VALIDATE_PRODUCT = YES;
			};
			name = Release;
		};
		6E53F65F1A0453B600D4E463 /* Debug */ = {
			isa = XCBuildConfiguration;
			buildSettings = {
				ASSETCATALOG_COMPILER_APPICON_NAME = AppIcon;
				INFOPLIST_FILE = FURB_Meter/Info.plist;
				IPHONEOS_DEPLOYMENT_TARGET = 7.1;
				LD_RUNPATH_SEARCH_PATHS = "$(inherited) @executable_path/Frameworks";
				PRODUCT_NAME = "$(TARGET_NAME)";
			};
			name = Debug;
		};
		6E53F6601A0453B600D4E463 /* Release */ = {
			isa = XCBuildConfiguration;
			buildSettings = {
				ASSETCATALOG_COMPILER_APPICON_NAME = AppIcon;
				INFOPLIST_FILE = FURB_Meter/Info.plist;
				IPHONEOS_DEPLOYMENT_TARGET = 7.1;
				LD_RUNPATH_SEARCH_PATHS = "$(inherited) @executable_path/Frameworks";
				PRODUCT_NAME = "$(TARGET_NAME)";
			};
			name = Release;
		};
		6E53F6621A0453B600D4E463 /* Debug */ = {
			isa = XCBuildConfiguration;
			buildSettings = {
				BUNDLE_LOADER = "$(TEST_HOST)";
				FRAMEWORK_SEARCH_PATHS = (
					"$(SDKROOT)/Developer/Library/Frameworks",
					"$(inherited)",
				);
				GCC_PREPROCESSOR_DEFINITIONS = (
					"DEBUG=1",
					"$(inherited)",
				);
				INFOPLIST_FILE = FURB_MeterTests/Info.plist;
				LD_RUNPATH_SEARCH_PATHS = "$(inherited) @executable_path/Frameworks @loader_path/Frameworks";
				PRODUCT_NAME = "$(TARGET_NAME)";
				TEST_HOST = "$(BUILT_PRODUCTS_DIR)/FURB_Meter.app/FURB_Meter";
			};
			name = Debug;
		};
		6E53F6631A0453B600D4E463 /* Release */ = {
			isa = XCBuildConfiguration;
			buildSettings = {
				BUNDLE_LOADER = "$(TEST_HOST)";
				FRAMEWORK_SEARCH_PATHS = (
					"$(SDKROOT)/Developer/Library/Frameworks",
					"$(inherited)",
				);
				INFOPLIST_FILE = FURB_MeterTests/Info.plist;
				LD_RUNPATH_SEARCH_PATHS = "$(inherited) @executable_path/Frameworks @loader_path/Frameworks";
				PRODUCT_NAME = "$(TARGET_NAME)";
				TEST_HOST = "$(BUILT_PRODUCTS_DIR)/FURB_Meter.app/FURB_Meter";
			};
			name = Release;
		};
/* End XCBuildConfiguration section */

/* Begin XCConfigurationList section */
		6E53F6361A0453B500D4E463 /* Build configuration list for PBXProject "FURB_Meter" */ = {
			isa = XCConfigurationList;
			buildConfigurations = (
				6E53F65C1A0453B600D4E463 /* Debug */,
				6E53F65D1A0453B600D4E463 /* Release */,
			);
			defaultConfigurationIsVisible = 0;
			defaultConfigurationName = Release;
		};
		6E53F65E1A0453B600D4E463 /* Build configuration list for PBXNativeTarget "FURB_Meter" */ = {
			isa = XCConfigurationList;
			buildConfigurations = (
				6E53F65F1A0453B600D4E463 /* Debug */,
				6E53F6601A0453B600D4E463 /* Release */,
			);
			defaultConfigurationIsVisible = 0;
			defaultConfigurationName = Release;
		};
		6E53F6611A0453B600D4E463 /* Build configuration list for PBXNativeTarget "FURB_MeterTests" */ = {
			isa = XCConfigurationList;
			buildConfigurations = (
				6E53F6621A0453B600D4E463 /* Debug */,
				6E53F6631A0453B600D4E463 /* Release */,
			);
			defaultConfigurationIsVisible = 0;
			defaultConfigurationName = Release;
		};
/* End XCConfigurationList section */
	};
	rootObject = 6E53F6331A0453B500D4E463 /* Project object */;
}
